// !$*UTF8*$!
{
	archiveVersion = 1;
	classes = {
	};
	objectVersion = 60;
	objects = {

/* Begin PBXBuildFile section */
		1A2B3C4D5E6F700100000001 /* KiokunApp.swift in Sources */ = {isa = PBXBuildFile; fileRef = 1A2B3C4D5E6F700100000002 /* KiokunApp.swift */; };
		1A2B3C4D5E6F700100000012 /* Resources/KiokunDictionary.sqlite in Resources */ = {isa = PBXBuildFile; fileRef = 1A2B3C4D5E6F700100000013 /* Resources/KiokunDictionary.sqlite */; };
		1A2B3C4D5E6F700100000015 /* Assets.xcassets in Resources */ = {isa = PBXBuildFile; fileRef = 1A2B3C4D5E6F700100000016 /* Assets.xcassets */; };
		2B3C4D5E6F70100000000001 /* KiokunNativeTests.swift in Sources */ = {isa = PBXBuildFile; fileRef = 2B3C4D5E6F70100000000002 /* KiokunNativeTests.swift */; };
		2B3C4D5E6F70100000000012 /* Resources/KiokunDictionary.sqlite in Resources */ = {isa = PBXBuildFile; fileRef = 1A2B3C4D5E6F700100000013 /* Resources/KiokunDictionary.sqlite */; };
		3C4D5E6F7010000000000001 /* KiokunUITests.swift in Sources */ = {isa = PBXBuildFile; fileRef = 3C4D5E6F7010000000000002 /* KiokunUITests.swift */; };
/* End PBXBuildFile section */

/* Begin PBXContainerItemProxy section */
		2B3C4D5E6F70100000000013 /* PBXContainerItemProxy */ = {
			isa = PBXContainerItemProxy;
			containerPortal = 1A2B3C4D5E6F70010000000C /* Project object */;
			proxyType = 1;
			remoteGlobalIDString = 1A2B3C4D5E6F700100000008;
			remoteInfo = Kiokun;
		};
		3C4D5E6F7010000000000013 /* PBXContainerItemProxy */ = {
			isa = PBXContainerItemProxy;
			containerPortal = 1A2B3C4D5E6F70010000000C /* Project object */;
			proxyType = 1;
			remoteGlobalIDString = 1A2B3C4D5E6F700100000008;
			remoteInfo = Kiokun;
		};
/* End PBXContainerItemProxy section */

/* Begin PBXFileReference section */
		1A2B3C4D5E6F700100000002 /* KiokunApp.swift */ = {isa = PBXFileReference; lastKnownFileType = sourcecode.swift; path = KiokunApp.swift; sourceTree = "<group>"; };
		1A2B3C4D5E6F700100000003 /* Kiokun.app */ = {isa = PBXFileReference; explicitFileType = wrapper.application; includeInIndex = 0; path = Kiokun.app; sourceTree = BUILT_PRODUCTS_DIR; };
		1A2B3C4D5E6F700100000013 /* Resources/KiokunDictionary.sqlite */ = {isa = PBXFileReference; lastKnownFileType = file; path = Resources/KiokunDictionary.sqlite; sourceTree = "<group>"; };
		1A2B3C4D5E6F700100000014 /* Info.plist */ = {isa = PBXFileReference; lastKnownFileType = text.plist.xml; path = Info.plist; sourceTree = "<group>"; };
		1A2B3C4D5E6F700100000016 /* Assets.xcassets */ = {isa = PBXFileReference; lastKnownFileType = folder.assetcatalog; path = Assets.xcassets; sourceTree = "<group>"; };
		2B3C4D5E6F70100000000002 /* KiokunNativeTests.swift */ = {isa = PBXFileReference; lastKnownFileType = sourcecode.swift; path = KiokunNativeTests.swift; sourceTree = "<group>"; };
		2B3C4D5E6F70100000000003 /* KiokunTests.xctest */ = {isa = PBXFileReference; explicitFileType = wrapper.cfbundle; includeInIndex = 0; path = KiokunTests.xctest; sourceTree = BUILT_PRODUCTS_DIR; };
		3C4D5E6F7010000000000002 /* KiokunUITests.swift */ = {isa = PBXFileReference; lastKnownFileType = sourcecode.swift; path = KiokunUITests.swift; sourceTree = "<group>"; };
		3C4D5E6F7010000000000003 /* KiokunUITests.xctest */ = {isa = PBXFileReference; explicitFileType = wrapper.cfbundle; includeInIndex = 0; path = KiokunUITests.xctest; sourceTree = BUILT_PRODUCTS_DIR; };
/* End PBXFileReference section */

/* Begin PBXFrameworksBuildPhase section */
		1A2B3C4D5E6F700100000004 /* Frameworks */ = {
			isa = PBXFrameworksBuildPhase;
			buildActionMask = 2147483647;
			files = (
			);
			runOnlyForDeploymentPostprocessing = 0;
		};
		2B3C4D5E6F70100000000004 /* Frameworks */ = {
			isa = PBXFrameworksBuildPhase;
			buildActionMask = 2147483647;
			files = (
			);
			runOnlyForDeploymentPostprocessing = 0;
		};
		3C4D5E6F7010000000000004 /* Frameworks */ = {
			isa = PBXFrameworksBuildPhase;
			buildActionMask = 2147483647;
			files = (
			);
			runOnlyForDeploymentPostprocessing = 0;
		};
/* End PBXFrameworksBuildPhase section */

/* Begin PBXGroup section */
		1A2B3C4D5E6F700100000005 = {
			isa = PBXGroup;
			children = (
				1A2B3C4D5E6F700100000006 /* Kiokun */,
				2B3C4D5E6F70100000000006 /* KiokunTests */,
				3C4D5E6F7010000000000006 /* KiokunUITests */,
				1A2B3C4D5E6F700100000007 /* Products */,
			);
			sourceTree = "<group>";
		};
		1A2B3C4D5E6F700100000006 /* Kiokun */ = {
			isa = PBXGroup;
			children = (
				1A2B3C4D5E6F700100000002 /* KiokunApp.swift */,
				1A2B3C4D5E6F700100000014 /* Info.plist */,
				1A2B3C4D5E6F700100000016 /* Assets.xcassets */,
				1A2B3C4D5E6F700100000013 /* Resources/KiokunDictionary.sqlite */,
			);
			path = Kiokun;
			sourceTree = "<group>";
		};
		1A2B3C4D5E6F700100000007 /* Products */ = {
			isa = PBXGroup;
			children = (
				1A2B3C4D5E6F700100000003 /* Kiokun.app */,
				2B3C4D5E6F70100000000003 /* KiokunTests.xctest */,
				3C4D5E6F7010000000000003 /* KiokunUITests.xctest */,
			);
			name = Products;
			sourceTree = "<group>";
		};
		2B3C4D5E6F70100000000006 /* KiokunTests */ = {
			isa = PBXGroup;
			children = (
				2B3C4D5E6F70100000000002 /* KiokunNativeTests.swift */,
			);
			path = KiokunTests;
			sourceTree = "<group>";
		};
		3C4D5E6F7010000000000006 /* KiokunUITests */ = {
			isa = PBXGroup;
			children = (
				3C4D5E6F7010000000000002 /* KiokunUITests.swift */,
			);
			path = KiokunUITests;
			sourceTree = "<group>";
		};
/* End PBXGroup section */

/* Begin PBXNativeTarget section */
		1A2B3C4D5E6F700100000008 /* Kiokun */ = {
			isa = PBXNativeTarget;
			buildConfigurationList = 1A2B3C4D5E6F700100000009 /* Build configuration list for PBXNativeTarget "Kiokun" */;
			buildPhases = (
				1A2B3C4D5E6F70010000000A /* Sources */,
				1A2B3C4D5E6F700100000004 /* Frameworks */,
				1A2B3C4D5E6F70010000000B /* Resources */,
			);
			buildRules = (
			);
			dependencies = (
			);
			name = Kiokun;
			productName = Kiokun;
			productReference = 1A2B3C4D5E6F700100000003 /* Kiokun.app */;
			productType = "com.apple.product-type.application";
		};
		2B3C4D5E6F70100000000008 /* KiokunTests */ = {
			isa = PBXNativeTarget;
			buildConfigurationList = 2B3C4D5E6F70100000000009 /* Build configuration list for PBXNativeTarget "KiokunTests" */;
			buildPhases = (
				2B3C4D5E6F7010000000000A /* Sources */,
				2B3C4D5E6F70100000000004 /* Frameworks */,
				2B3C4D5E6F7010000000000B /* Resources */,
			);
			buildRules = (
			);
			dependencies = (
				2B3C4D5E6F70100000000014 /* PBXTargetDependency */,
			);
			name = KiokunTests;
			productName = KiokunTests;
			productReference = 2B3C4D5E6F70100000000003 /* KiokunTests.xctest */;
			productType = "com.apple.product-type.bundle.unit-test";
		};
		3C4D5E6F7010000000000008 /* KiokunUITests */ = {
			isa = PBXNativeTarget;
			buildConfigurationList = 3C4D5E6F7010000000000009 /* Build configuration list for PBXNativeTarget "KiokunUITests" */;
			buildPhases = (
				3C4D5E6F701000000000000A /* Sources */,
				3C4D5E6F7010000000000004 /* Frameworks */,
				3C4D5E6F701000000000000B /* Resources */,
			);
			buildRules = (
			);
			dependencies = (
				3C4D5E6F7010000000000014 /* PBXTargetDependency */,
			);
			name = KiokunUITests;
			productName = KiokunUITests;
			productReference = 3C4D5E6F7010000000000003 /* KiokunUITests.xctest */;
			productType = "com.apple.product-type.bundle.ui-testing";
		};
/* End PBXNativeTarget section */

/* Begin PBXProject section */
		1A2B3C4D5E6F70010000000C /* Project object */ = {
			isa = PBXProject;
			attributes = {
				BuildIndependentTargetsInParallel = 1;
				LastSwiftUpdateCheck = 2650;
				LastUpgradeCheck = 2650;
				TargetAttributes = {
					1A2B3C4D5E6F700100000008 = {
						CreatedOnToolsVersion = 26.5;
					};
					2B3C4D5E6F70100000000008 = {
						CreatedOnToolsVersion = 26.5;
						TestTargetID = 1A2B3C4D5E6F700100000008;
					};
					3C4D5E6F7010000000000008 = {
						CreatedOnToolsVersion = 26.5;
						TestTargetID = 1A2B3C4D5E6F700100000008;
					};
				};
			};
			buildConfigurationList = 1A2B3C4D5E6F70010000000D /* Build configuration list for PBXProject "Kiokun" */;
			compatibilityVersion = "Xcode 15.0";
			developmentRegion = en;
			hasScannedForEncodings = 0;
			knownRegions = (
				en,
				Base,
			);
			mainGroup = 1A2B3C4D5E6F700100000005;
			productRefGroup = 1A2B3C4D5E6F700100000007 /* Products */;
			projectDirPath = "";
			projectRoot = "";
			targets = (
				1A2B3C4D5E6F700100000008 /* Kiokun */,
				2B3C4D5E6F70100000000008 /* KiokunTests */,
				3C4D5E6F7010000000000008 /* KiokunUITests */,
			);
		};
/* End PBXProject section */

/* Begin PBXResourcesBuildPhase section */
		1A2B3C4D5E6F70010000000B /* Resources */ = {
			isa = PBXResourcesBuildPhase;
			buildActionMask = 2147483647;
			files = (
				1A2B3C4D5E6F700100000015 /* Assets.xcassets in Resources */,
				1A2B3C4D5E6F700100000012 /* Resources/KiokunDictionary.sqlite in Resources */,
			);
			runOnlyForDeploymentPostprocessing = 0;
		};
		2B3C4D5E6F7010000000000B /* Resources */ = {
			isa = PBXResourcesBuildPhase;
			buildActionMask = 2147483647;
			files = (
				2B3C4D5E6F70100000000012 /* Resources/KiokunDictionary.sqlite in Resources */,
			);
			runOnlyForDeploymentPostprocessing = 0;
		};
		3C4D5E6F701000000000000B /* Resources */ = {
			isa = PBXResourcesBuildPhase;
			buildActionMask = 2147483647;
			files = (
			);
			runOnlyForDeploymentPostprocessing = 0;
		};
/* End PBXResourcesBuildPhase section */

/* Begin PBXSourcesBuildPhase section */
		1A2B3C4D5E6F70010000000A /* Sources */ = {
			isa = PBXSourcesBuildPhase;
			buildActionMask = 2147483647;
			files = (
				1A2B3C4D5E6F700100000001 /* KiokunApp.swift in Sources */,
			);
			runOnlyForDeploymentPostprocessing = 0;
		};
		2B3C4D5E6F7010000000000A /* Sources */ = {
			isa = PBXSourcesBuildPhase;
			buildActionMask = 2147483647;
			files = (
				2B3C4D5E6F70100000000001 /* KiokunNativeTests.swift in Sources */,
			);
			runOnlyForDeploymentPostprocessing = 0;
		};
		3C4D5E6F701000000000000A /* Sources */ = {
			isa = PBXSourcesBuildPhase;
			buildActionMask = 2147483647;
			files = (
				3C4D5E6F7010000000000001 /* KiokunUITests.swift in Sources */,
			);
			runOnlyForDeploymentPostprocessing = 0;
		};
/* End PBXSourcesBuildPhase section */

/* Begin PBXTargetDependency section */
		2B3C4D5E6F70100000000014 /* PBXTargetDependency */ = {
			isa = PBXTargetDependency;
			target = 1A2B3C4D5E6F700100000008 /* Kiokun */;
			targetProxy = 2B3C4D5E6F70100000000013 /* PBXContainerItemProxy */;
		};
		3C4D5E6F7010000000000014 /* PBXTargetDependency */ = {
			isa = PBXTargetDependency;
			target = 1A2B3C4D5E6F700100000008 /* Kiokun */;
			targetProxy = 3C4D5E6F7010000000000013 /* PBXContainerItemProxy */;
		};
/* End PBXTargetDependency section */

/* Begin XCBuildConfiguration section */
		1A2B3C4D5E6F70010000000E /* Debug */ = {
			isa = XCBuildConfiguration;
			buildSettings = {
				ALWAYS_SEARCH_USER_PATHS = NO;
				CLANG_ANALYZER_NONNULL = YES;
				CLANG_ANALYZER_NUMBER_OBJECT_CONVERSION = YES_AGGRESSIVE;
				CLANG_CXX_LANGUAGE_STANDARD = "gnu++20";
				CLANG_ENABLE_MODULES = YES;
				CLANG_ENABLE_OBJC_ARC = YES;
				CLANG_ENABLE_OBJC_WEAK = YES;
				CLANG_WARN_BLOCK_CAPTURE_AUTORELEASING = YES;
				CLANG_WARN_BOOL_CONVERSION = YES;
				CLANG_WARN_COMMA = YES;
				CLANG_WARN_CONSTANT_CONVERSION = YES;
				CLANG_WARN_DEPRECATED_OBJC_IMPLEMENTATIONS = YES;
				CLANG_WARN_DIRECT_OBJC_ISA_USAGE = YES_ERROR;
				CLANG_WARN_DOCUMENTATION_COMMENTS = YES;
				CLANG_WARN_EMPTY_BODY = YES;
				CLANG_WARN_ENUM_CONVERSION = YES;
				CLANG_WARN_INFINITE_RECURSION = YES;
				CLANG_WARN_INT_CONVERSION = YES;
				CLANG_WARN_NON_LITERAL_NULL_CONVERSION = YES;
				CLANG_WARN_OBJC_IMPLICIT_RETAIN_SELF = YES;
				CLANG_WARN_OBJC_LITERAL_CONVERSION = YES;
				CLANG_WARN_OBJC_ROOT_CLASS = YES_ERROR;
				CLANG_WARN_QUOTED_INCLUDE_IN_FRAMEWORK_HEADER = YES;
				CLANG_WARN_RANGE_LOOP_ANALYSIS = YES;
				CLANG_WARN_STRICT_PROTOTYPES = YES;
				CLANG_WARN_SUSPICIOUS_MOVE = YES;
				CLANG_WARN_UNGUARDED_AVAILABILITY = YES_AGGRESSIVE;
				CLANG_WARN_UNREACHABLE_CODE = YES;
				CLANG_WARN__DUPLICATE_METHOD_MATCH = YES;
				COPY_PHASE_STRIP = NO;
				DEBUG_INFORMATION_FORMAT = dwarf;
				ENABLE_STRICT_OBJC_MSGSEND = YES;
				ENABLE_TESTABILITY = YES;
				ENABLE_USER_SCRIPT_SANDBOXING = YES;
				GCC_C_LANGUAGE_STANDARD = gnu17;
				GCC_DYNAMIC_NO_PIC = NO;
				GCC_NO_COMMON_BLOCKS = YES;
				GCC_OPTIMIZATION_LEVEL = 0;
				GCC_PREPROCESSOR_DEFINITIONS = (
					"DEBUG=1",
					"$(inherited)",
				);
				GCC_WARN_64_TO_32_BIT_CONVERSION = YES;
				GCC_WARN_ABOUT_RETURN_TYPE = YES_ERROR;
				GCC_WARN_UNDECLARED_SELECTOR = YES;
				GCC_WARN_UNINITIALIZED_AUTOS = YES_AGGRESSIVE;
				GCC_WARN_UNUSED_FUNCTION = YES;
				GCC_WARN_UNUSED_VARIABLE = YES;
				IPHONEOS_DEPLOYMENT_TARGET = 17.0;
				MTL_ENABLE_DEBUG_INFO = INCLUDE_SOURCE;
				MTL_FAST_MATH = YES;
				ONLY_ACTIVE_ARCH = YES;
				SDKROOT = iphoneos;
				SWIFT_ACTIVE_COMPILATION_CONDITIONS = DEBUG;
				SWIFT_OPTIMIZATION_LEVEL = "-Onone";
			};
			name = Debug;
		};
		1A2B3C4D5E6F70010000000F /* Release */ = {
			isa = XCBuildConfiguration;
			buildSettings = {
				ALWAYS_SEARCH_USER_PATHS = NO;
				CLANG_ANALYZER_NONNULL = YES;
				CLANG_ANALYZER_NUMBER_OBJECT_CONVERSION = YES_AGGRESSIVE;
				CLANG_CXX_LANGUAGE_STANDARD = "gnu++20";
				CLANG_ENABLE_MODULES = YES;
				CLANG_ENABLE_OBJC_ARC = YES;
				CLANG_ENABLE_OBJC_WEAK = YES;
				CLANG_WARN_BLOCK_CAPTURE_AUTORELEASING = YES;
				CLANG_WARN_BOOL_CONVERSION = YES;
				CLANG_WARN_COMMA = YES;
				CLANG_WARN_CONSTANT_CONVERSION = YES;
				CLANG_WARN_DEPRECATED_OBJC_IMPLEMENTATIONS = YES;
				CLANG_WARN_DIRECT_OBJC_ISA_USAGE = YES_ERROR;
				CLANG_WARN_DOCUMENTATION_COMMENTS = YES;
				CLANG_WARN_EMPTY_BODY = YES;
				CLANG_WARN_ENUM_CONVERSION = YES;
				CLANG_WARN_INFINITE_RECURSION = YES;
				CLANG_WARN_INT_CONVERSION = YES;
				CLANG_WARN_NON_LITERAL_NULL_CONVERSION = YES;
				CLANG_WARN_OBJC_IMPLICIT_RETAIN_SELF = YES;
				CLANG_WARN_OBJC_LITERAL_CONVERSION = YES;
				CLANG_WARN_OBJC_ROOT_CLASS = YES_ERROR;
				CLANG_WARN_QUOTED_INCLUDE_IN_FRAMEWORK_HEADER = YES;
				CLANG_WARN_RANGE_LOOP_ANALYSIS = YES;
				CLANG_WARN_STRICT_PROTOTYPES = YES;
				CLANG_WARN_SUSPICIOUS_MOVE = YES;
				CLANG_WARN_UNGUARDED_AVAILABILITY = YES_AGGRESSIVE;
				CLANG_WARN_UNREACHABLE_CODE = YES;
				CLANG_WARN__DUPLICATE_METHOD_MATCH = YES;
				COPY_PHASE_STRIP = NO;
				DEBUG_INFORMATION_FORMAT = "dwarf-with-dsym";
				ENABLE_NS_ASSERTIONS = NO;
				ENABLE_STRICT_OBJC_MSGSEND = YES;
				ENABLE_USER_SCRIPT_SANDBOXING = YES;
				GCC_C_LANGUAGE_STANDARD = gnu17;
				GCC_NO_COMMON_BLOCKS = YES;
				GCC_WARN_64_TO_32_BIT_CONVERSION = YES;
				GCC_WARN_ABOUT_RETURN_TYPE = YES_ERROR;
				GCC_WARN_UNDECLARED_SELECTOR = YES;
				GCC_WARN_UNINITIALIZED_AUTOS = YES_AGGRESSIVE;
				GCC_WARN_UNUSED_FUNCTION = YES;
				GCC_WARN_UNUSED_VARIABLE = YES;
				IPHONEOS_DEPLOYMENT_TARGET = 17.0;
				MTL_ENABLE_DEBUG_INFO = NO;
				MTL_FAST_MATH = YES;
				SDKROOT = iphoneos;
				SWIFT_COMPILATION_MODE = wholemodule;
				VALIDATE_PRODUCT = YES;
			};
			name = Release;
		};
		1A2B3C4D5E6F700100000010 /* Debug */ = {
			isa = XCBuildConfiguration;
			buildSettings = {
				ASSETCATALOG_COMPILER_APPICON_NAME = AppIcon;
				CODE_SIGN_STYLE = Automatic;
				CURRENT_PROJECT_VERSION = 1;
				DEVELOPMENT_TEAM = 78TEFL5C24;
				GENERATE_INFOPLIST_FILE = NO;
				INFOPLIST_FILE = Kiokun/Info.plist;
				IPHONEOS_DEPLOYMENT_TARGET = 17.0;
				LD_RUNPATH_SEARCH_PATHS = (
					"$(inherited)",
					"@executable_path/Frameworks",
				);
				MARKETING_VERSION = 0.1.0;
				OTHER_LDFLAGS = (
					"$(inherited)",
					"-lsqlite3",
					"-lz",
				);
				PRODUCT_BUNDLE_IDENTIFIER = dev.kiokun.native;
				PRODUCT_NAME = "$(TARGET_NAME)";
				SUPPORTED_PLATFORMS = "iphoneos iphonesimulator";
				SWIFT_EMIT_LOC_STRINGS = YES;
				SWIFT_VERSION = 6.0;
				TARGETED_DEVICE_FAMILY = "1,2";
			};
			name = Debug;
		};
		1A2B3C4D5E6F700100000011 /* Release */ = {
			isa = XCBuildConfiguration;
			buildSettings = {
				ASSETCATALOG_COMPILER_APPICON_NAME = AppIcon;
				CODE_SIGN_STYLE = Automatic;
				CURRENT_PROJECT_VERSION = 1;
				DEVELOPMENT_TEAM = 78TEFL5C24;
				GENERATE_INFOPLIST_FILE = NO;
				INFOPLIST_FILE = Kiokun/Info.plist;
				IPHONEOS_DEPLOYMENT_TARGET = 17.0;
				LD_RUNPATH_SEARCH_PATHS = (
					"$(inherited)",
					"@executable_path/Frameworks",
				);
				MARKETING_VERSION = 0.1.0;
				OTHER_LDFLAGS = (
					"$(inherited)",
					"-lsqlite3",
					"-lz",
				);
				PRODUCT_BUNDLE_IDENTIFIER = dev.kiokun.native;
				PRODUCT_NAME = "$(TARGET_NAME)";
				SUPPORTED_PLATFORMS = "iphoneos iphonesimulator";
				SWIFT_EMIT_LOC_STRINGS = YES;
				SWIFT_VERSION = 6.0;
				TARGETED_DEVICE_FAMILY = "1,2";
			};
			name = Release;
		};
		2B3C4D5E6F70100000000010 /* Debug */ = {
			isa = XCBuildConfiguration;
			buildSettings = {
				ALWAYS_EMBED_SWIFT_STANDARD_LIBRARIES = YES;
				BUNDLE_LOADER = "$(TEST_HOST)";
				CODE_SIGN_STYLE = Automatic;
				DEVELOPMENT_TEAM = "";
				GENERATE_INFOPLIST_FILE = YES;
				IPHONEOS_DEPLOYMENT_TARGET = 17.0;
				LD_RUNPATH_SEARCH_PATHS = (
					"$(inherited)",
					"@executable_path/Frameworks",
					"@loader_path/Frameworks",
				);
				OTHER_LDFLAGS = (
					"$(inherited)",
					"-lsqlite3",
					"-lz",
				);
				PRODUCT_BUNDLE_IDENTIFIER = dev.kiokun.native.tests;
				PRODUCT_NAME = "$(TARGET_NAME)";
				SUPPORTED_PLATFORMS = "iphoneos iphonesimulator";
				SWIFT_ACTIVE_COMPILATION_CONDITIONS = DEBUG;
				SWIFT_VERSION = 6.0;
				TARGETED_DEVICE_FAMILY = "1,2";
				TEST_HOST = "$(BUILT_PRODUCTS_DIR)/Kiokun.app/$(BUNDLE_EXECUTABLE_FOLDER_PATH)/Kiokun";
			};
			name = Debug;
		};
		2B3C4D5E6F70100000000011 /* Release */ = {
			isa = XCBuildConfiguration;
			buildSettings = {
				ALWAYS_EMBED_SWIFT_STANDARD_LIBRARIES = YES;
				BUNDLE_LOADER = "$(TEST_HOST)";
				CODE_SIGN_STYLE = Automatic;
				DEVELOPMENT_TEAM = "";
				GENERATE_INFOPLIST_FILE = YES;
				IPHONEOS_DEPLOYMENT_TARGET = 17.0;
				LD_RUNPATH_SEARCH_PATHS = (
					"$(inherited)",
					"@executable_path/Frameworks",
					"@loader_path/Frameworks",
				);
				OTHER_LDFLAGS = (
					"$(inherited)",
					"-lsqlite3",
					"-lz",
				);
				PRODUCT_BUNDLE_IDENTIFIER = dev.kiokun.native.tests;
				PRODUCT_NAME = "$(TARGET_NAME)";
				SUPPORTED_PLATFORMS = "iphoneos iphonesimulator";
				SWIFT_VERSION = 6.0;
				TARGETED_DEVICE_FAMILY = "1,2";
				TEST_HOST = "$(BUILT_PRODUCTS_DIR)/Kiokun.app/$(BUNDLE_EXECUTABLE_FOLDER_PATH)/Kiokun";
			};
			name = Release;
		};
		3C4D5E6F7010000000000010 /* Debug */ = {
			isa = XCBuildConfiguration;
			buildSettings = {
				ALWAYS_EMBED_SWIFT_STANDARD_LIBRARIES = YES;
				CODE_SIGN_STYLE = Automatic;
				DEVELOPMENT_TEAM = "";
				GENERATE_INFOPLIST_FILE = YES;
				IPHONEOS_DEPLOYMENT_TARGET = 17.0;
				LD_RUNPATH_SEARCH_PATHS = (
					"$(inherited)",
					"@executable_path/Frameworks",
					"@loader_path/Frameworks",
				);
				PRODUCT_BUNDLE_IDENTIFIER = dev.kiokun.native.uitests;
				PRODUCT_NAME = "$(TARGET_NAME)";
				SUPPORTED_PLATFORMS = "iphoneos iphonesimulator";
				SWIFT_ACTIVE_COMPILATION_CONDITIONS = DEBUG;
				SWIFT_VERSION = 6.0;
				TARGETED_DEVICE_FAMILY = "1,2";
				TEST_TARGET_NAME = Kiokun;
			};
			name = Debug;
		};
		3C4D5E6F7010000000000011 /* Release */ = {
			isa = XCBuildConfiguration;
			buildSettings = {
				ALWAYS_EMBED_SWIFT_STANDARD_LIBRARIES = YES;
				CODE_SIGN_STYLE = Automatic;
				DEVELOPMENT_TEAM = "";
				GENERATE_INFOPLIST_FILE = YES;
				IPHONEOS_DEPLOYMENT_TARGET = 17.0;
				LD_RUNPATH_SEARCH_PATHS = (
					"$(inherited)",
					"@executable_path/Frameworks",
					"@loader_path/Frameworks",
				);
				PRODUCT_BUNDLE_IDENTIFIER = dev.kiokun.native.uitests;
				PRODUCT_NAME = "$(TARGET_NAME)";
				SUPPORTED_PLATFORMS = "iphoneos iphonesimulator";
				SWIFT_VERSION = 6.0;
				TARGETED_DEVICE_FAMILY = "1,2";
				TEST_TARGET_NAME = Kiokun;
			};
			name = Release;
		};
/* End XCBuildConfiguration section */

/* Begin XCConfigurationList section */
		1A2B3C4D5E6F700100000009 /* Build configuration list for PBXNativeTarget "Kiokun" */ = {
			isa = XCConfigurationList;
			buildConfigurations = (
				1A2B3C4D5E6F700100000010 /* Debug */,
				1A2B3C4D5E6F700100000011 /* Release */,
			);
			defaultConfigurationIsVisible = 0;
			defaultConfigurationName = Release;
		};
		1A2B3C4D5E6F70010000000D /* Build configuration list for PBXProject "Kiokun" */ = {
			isa = XCConfigurationList;
			buildConfigurations = (
				1A2B3C4D5E6F70010000000E /* Debug */,
				1A2B3C4D5E6F70010000000F /* Release */,
			);
			defaultConfigurationIsVisible = 0;
			defaultConfigurationName = Release;
		};
		2B3C4D5E6F70100000000009 /* Build configuration list for PBXNativeTarget "KiokunTests" */ = {
			isa = XCConfigurationList;
			buildConfigurations = (
				2B3C4D5E6F70100000000010 /* Debug */,
				2B3C4D5E6F70100000000011 /* Release */,
			);
			defaultConfigurationIsVisible = 0;
			defaultConfigurationName = Release;
		};
		3C4D5E6F7010000000000009 /* Build configuration list for PBXNativeTarget "KiokunUITests" */ = {
			isa = XCConfigurationList;
			buildConfigurations = (
				3C4D5E6F7010000000000010 /* Debug */,
				3C4D5E6F7010000000000011 /* Release */,
			);
			defaultConfigurationIsVisible = 0;
			defaultConfigurationName = Release;
		};
/* End XCConfigurationList section */
	};
	rootObject = 1A2B3C4D5E6F70010000000C /* Project object */;
}
